
Microsoft Visual Studio Solution File, Format Version 12.00
# Visual Studio 15
VisualStudioVersion = 15.0.27428.2027
MinimumVisualStudioVersion = 10.0.40219.1
Project("{FAE04EC0-301F-11D3-BF4B-00C04F79EFBC}") = "BGG_API", "BGG_API\BGG_API.csproj", "{CDF37B31-F335-4156-80A5-533196C65F22}"
EndProject
Global
	GlobalSection(SolutionConfigurationPlatforms) = preSolution
		Debug|Any CPU = Debug|Any CPU
		Release|Any CPU = Release|Any CPU
	EndGlobalSection
	GlobalSection(ProjectConfigurationPlatforms) = postSolution
		{CDF37B31-F335-4156-80A5-533196C65F22}.Debug|Any CPU.ActiveCfg = Debug|Any CPU
		{CDF37B31-F335-4156-80A5-533196C65F22}.Debug|Any CPU.Build.0 = Debug|Any CPU
		{CDF37B31-F335-4156-80A5-533196C65F22}.Release|Any CPU.ActiveCfg = Release|Any CPU
		{CDF37B31-F335-4156-80A5-533196C65F22}.Release|Any CPU.Build.0 = Release|Any CPU
	EndGlobalSection
	GlobalSection(SolutionProperties) = preSolution
		HideSolutionNode = FALSE
	EndGlobalSection
	GlobalSection(ExtensibilityGlobals) = postSolution
		SolutionGuid = {BE03C134-0200-405A-BB66-F9D9A293CFC9}
	EndGlobalSection
EndGlobal
